
Microsoft Visual Studio Solution File, Format Version 12.00
# Visual Studio 14
VisualStudioVersion = 14.0.25420.1
MinimumVisualStudioVersion = 10.0.40219.1
Project("{FAE04EC0-301F-11D3-BF4B-00C04F79EFBC}") = "NinjaDomain.Classes", "NinjaDomain.Classes\NinjaDomain.Classes.csproj", "{7A57A790-7094-4207-A8E5-79785DB6ABBB}"
EndProject
Project("{FAE04EC0-301F-11D3-BF4B-00C04F79EFBC}") = "NinjaDomain.DataModel", "NinjaDomain.DataModel\NinjaDomain.DataModel.csproj", "{343815A9-7AB0-4F6D-89F3-153A9FD6F528}"
EndProject
Project("{FAE04EC0-301F-11D3-BF4B-00C04F79EFBC}") = "ConsoleApplication1", "ConsoleApplication1\ConsoleApplication1.csproj", "{0C994717-3BB0-49BD-B10D-C0E4A1ED7425}"
EndProject
Project("{FAE04EC0-301F-11D3-BF4B-00C04F79EFBC}") = "WpfNinjaApp", "WpfNinjaApp\WpfNinjaApp.csproj", "{FF077755-AEF5-4FC0-80C0-DD6125B4242D}"
EndProject
Project("{2150E333-8FDC-42A3-9474-1A3956D46DE8}") = "mvc5", "mvc5", "{570BE94A-9EB9-4F73-87B0-C794E62606BD}"
EndProject
Project("{FAE04EC0-301F-11D3-BF4B-00C04F79EFBC}") = "MvcNinjaApp", "MvcNinjaApp\MvcNinjaApp.csproj", "{2E269574-95BC-4218-BF47-0125E2509778}"
EndProject
Global
	GlobalSection(SolutionConfigurationPlatforms) = preSolution
		Debug|Any CPU = Debug|Any CPU
		Release|Any CPU = Release|Any CPU
	EndGlobalSection
	GlobalSection(ProjectConfigurationPlatforms) = postSolution
		{7A57A790-7094-4207-A8E5-79785DB6ABBB}.Debug|Any CPU.ActiveCfg = Debug|Any CPU
		{7A57A790-7094-4207-A8E5-79785DB6ABBB}.Debug|Any CPU.Build.0 = Debug|Any CPU
		{7A57A790-7094-4207-A8E5-79785DB6ABBB}.Release|Any CPU.ActiveCfg = Release|Any CPU
		{7A57A790-7094-4207-A8E5-79785DB6ABBB}.Release|Any CPU.Build.0 = Release|Any CPU
		{343815A9-7AB0-4F6D-89F3-153A9FD6F528}.Debug|Any CPU.ActiveCfg = Debug|Any CPU
		{343815A9-7AB0-4F6D-89F3-153A9FD6F528}.Debug|Any CPU.Build.0 = Debug|Any CPU
		{343815A9-7AB0-4F6D-89F3-153A9FD6F528}.Release|Any CPU.ActiveCfg = Release|Any CPU
		{343815A9-7AB0-4F6D-89F3-153A9FD6F528}.Release|Any CPU.Build.0 = Release|Any CPU
		{0C994717-3BB0-49BD-B10D-C0E4A1ED7425}.Debug|Any CPU.ActiveCfg = Debug|Any CPU
		{0C994717-3BB0-49BD-B10D-C0E4A1ED7425}.Debug|Any CPU.Build.0 = Debug|Any CPU
		{0C994717-3BB0-49BD-B10D-C0E4A1ED7425}.Release|Any CPU.ActiveCfg = Release|Any CPU
		{0C994717-3BB0-49BD-B10D-C0E4A1ED7425}.Release|Any CPU.Build.0 = Release|Any CPU
		{FF077755-AEF5-4FC0-80C0-DD6125B4242D}.Debug|Any CPU.ActiveCfg = Debug|Any CPU
		{FF077755-AEF5-4FC0-80C0-DD6125B4242D}.Debug|Any CPU.Build.0 = Debug|Any CPU
		{FF077755-AEF5-4FC0-80C0-DD6125B4242D}.Release|Any CPU.ActiveCfg = Release|Any CPU
		{FF077755-AEF5-4FC0-80C0-DD6125B4242D}.Release|Any CPU.Build.0 = Release|Any CPU
		{2E269574-95BC-4218-BF47-0125E2509778}.Debug|Any CPU.ActiveCfg = Debug|Any CPU
		{2E269574-95BC-4218-BF47-0125E2509778}.Debug|Any CPU.Build.0 = Debug|Any CPU
		{2E269574-95BC-4218-BF47-0125E2509778}.Release|Any CPU.ActiveCfg = Release|Any CPU
		{2E269574-95BC-4218-BF47-0125E2509778}.Release|Any CPU.Build.0 = Release|Any CPU
	EndGlobalSection
	GlobalSection(SolutionProperties) = preSolution
		HideSolutionNode = FALSE
	EndGlobalSection
	GlobalSection(NestedProjects) = preSolution
		{2E269574-95BC-4218-BF47-0125E2509778} = {570BE94A-9EB9-4F73-87B0-C794E62606BD}
	EndGlobalSection
EndGlobal
